// !$*UTF8*$!
{
	archiveVersion = 1;
	classes = {
	};
	objectVersion = 56;
	objects = {

/* Begin PBXBuildFile section */
		440C172C2BF352770083CCDC /* AppDelegate.swift in Sources */ = {isa = PBXBuildFile; fileRef = 440C172B2BF352770083CCDC /* AppDelegate.swift */; };
		440C172E2BF352770083CCDC /* SceneDelegate.swift in Sources */ = {isa = PBXBuildFile; fileRef = 440C172D2BF352770083CCDC /* SceneDelegate.swift */; };
		440C17332BF352770083CCDC /* Base in Resources */ = {isa = PBXBuildFile; fileRef = 440C17322BF352770083CCDC /* Base */; };
		440C17352BF352780083CCDC /* Assets.xcassets in Resources */ = {isa = PBXBuildFile; fileRef = 440C17342BF352780083CCDC /* Assets.xcassets */; };
		440C17382BF352780083CCDC /* Base in Resources */ = {isa = PBXBuildFile; fileRef = 440C17372BF352780083CCDC /* Base */; };
		444C5F1D2BF60A60008931AB /* SignUpViewController.swift in Sources */ = {isa = PBXBuildFile; fileRef = 444C5F1C2BF60A60008931AB /* SignUpViewController.swift */; };
		444C5F202BF617EA008931AB /* HomeViewController.swift in Sources */ = {isa = PBXBuildFile; fileRef = 444C5F1F2BF617EA008931AB /* HomeViewController.swift */; };
		444C5F222BF617FD008931AB /* NewHotViewController.swift in Sources */ = {isa = PBXBuildFile; fileRef = 444C5F212BF617FD008931AB /* NewHotViewController.swift */; };
		444C5F242BF61836008931AB /* SaveContentListViewController.swift in Sources */ = {isa = PBXBuildFile; fileRef = 444C5F232BF61836008931AB /* SaveContentListViewController.swift */; };
/* End PBXBuildFile section */

/* Begin PBXFileReference section */
		440C17282BF352770083CCDC /* Netflix Project.app */ = {isa = PBXFileReference; explicitFileType = wrapper.application; includeInIndex = 0; path = "Netflix Project.app"; sourceTree = BUILT_PRODUCTS_DIR; };
		440C172B2BF352770083CCDC /* AppDelegate.swift */ = {isa = PBXFileReference; lastKnownFileType = sourcecode.swift; path = AppDelegate.swift; sourceTree = "<group>"; };
		440C172D2BF352770083CCDC /* SceneDelegate.swift */ = {isa = PBXFileReference; lastKnownFileType = sourcecode.swift; path = SceneDelegate.swift; sourceTree = "<group>"; };
		440C17322BF352770083CCDC /* Base */ = {isa = PBXFileReference; lastKnownFileType = file.storyboard; name = Base; path = Base.lproj/Main.storyboard; sourceTree = "<group>"; };
		440C17342BF352780083CCDC /* Assets.xcassets */ = {isa = PBXFileReference; lastKnownFileType = folder.assetcatalog; path = Assets.xcassets; sourceTree = "<group>"; };
		440C17372BF352780083CCDC /* Base */ = {isa = PBXFileReference; lastKnownFileType = file.storyboard; name = Base; path = Base.lproj/LaunchScreen.storyboard; sourceTree = "<group>"; };
		440C17392BF352780083CCDC /* Info.plist */ = {isa = PBXFileReference; lastKnownFileType = text.plist.xml; path = Info.plist; sourceTree = "<group>"; };
		444C5F1C2BF60A60008931AB /* SignUpViewController.swift */ = {isa = PBXFileReference; lastKnownFileType = sourcecode.swift; path = SignUpViewController.swift; sourceTree = "<group>"; };
		444C5F1F2BF617EA008931AB /* HomeViewController.swift */ = {isa = PBXFileReference; lastKnownFileType = sourcecode.swift; path = HomeViewController.swift; sourceTree = "<group>"; };
		444C5F212BF617FD008931AB /* NewHotViewController.swift */ = {isa = PBXFileReference; lastKnownFileType = sourcecode.swift; path = NewHotViewController.swift; sourceTree = "<group>"; };
		444C5F232BF61836008931AB /* SaveContentListViewController.swift */ = {isa = PBXFileReference; lastKnownFileType = sourcecode.swift; path = SaveContentListViewController.swift; sourceTree = "<group>"; };
/* End PBXFileReference section */

/* Begin PBXFrameworksBuildPhase section */
		440C17252BF352770083CCDC /* Frameworks */ = {
			isa = PBXFrameworksBuildPhase;
			buildActionMask = 2147483647;
			files = (
			);
			runOnlyForDeploymentPostprocessing = 0;
		};
/* End PBXFrameworksBuildPhase section */

/* Begin PBXGroup section */
		440C171F2BF352770083CCDC = {
			isa = PBXGroup;
			children = (
				440C172A2BF352770083CCDC /* Netflix Project */,
				440C17292BF352770083CCDC /* Products */,
			);
			sourceTree = "<group>";
		};
		440C17292BF352770083CCDC /* Products */ = {
			isa = PBXGroup;
			children = (
				440C17282BF352770083CCDC /* Netflix Project.app */,
			);
			name = Products;
			sourceTree = "<group>";
		};
		440C172A2BF352770083CCDC /* Netflix Project */ = {
			isa = PBXGroup;
			children = (
				440C172B2BF352770083CCDC /* AppDelegate.swift */,
				440C172D2BF352770083CCDC /* SceneDelegate.swift */,
				44A268EC2BF5E97C00510926 /* SignUp */,
				444C5F262BF61846008931AB /* Home */,
				444C5F272BF6184F008931AB /* NewHot */,
				444C5F282BF6185B008931AB /* SaveContentList */,
				440C17312BF352770083CCDC /* Main.storyboard */,
				440C17342BF352780083CCDC /* Assets.xcassets */,
				440C17362BF352780083CCDC /* LaunchScreen.storyboard */,
				440C17392BF352780083CCDC /* Info.plist */,
			);
			path = "Netflix Project";
			sourceTree = "<group>";
		};
		444C5F262BF61846008931AB /* Home */ = {
			isa = PBXGroup;
			children = (
				444C5F1F2BF617EA008931AB /* HomeViewController.swift */,
			);
			path = Home;
			sourceTree = "<group>";
		};
		444C5F272BF6184F008931AB /* NewHot */ = {
			isa = PBXGroup;
			children = (
				444C5F212BF617FD008931AB /* NewHotViewController.swift */,
			);
			path = NewHot;
			sourceTree = "<group>";
		};
		444C5F282BF6185B008931AB /* SaveContentList */ = {
			isa = PBXGroup;
			children = (
				444C5F232BF61836008931AB /* SaveContentListViewController.swift */,
			);
			path = SaveContentList;
			sourceTree = "<group>";
		};
		44A268EC2BF5E97C00510926 /* SignUp */ = {
			isa = PBXGroup;
			children = (
				444C5F1C2BF60A60008931AB /* SignUpViewController.swift */,
			);
			path = SignUp;
			sourceTree = "<group>";
		};
/* End PBXGroup section */

/* Begin PBXNativeTarget section */
		440C17272BF352770083CCDC /* Netflix Project */ = {
			isa = PBXNativeTarget;
			buildConfigurationList = 440C173C2BF352780083CCDC /* Build configuration list for PBXNativeTarget "Netflix Project" */;
			buildPhases = (
				440C17242BF352770083CCDC /* Sources */,
				440C17252BF352770083CCDC /* Frameworks */,
				440C17262BF352770083CCDC /* Resources */,
			);
			buildRules = (
			);
			dependencies = (
			);
			name = "Netflix Project";
			productName = "Netflix Project";
			productReference = 440C17282BF352770083CCDC /* Netflix Project.app */;
			productType = "com.apple.product-type.application";
		};
/* End PBXNativeTarget section */

/* Begin PBXProject section */
		440C17202BF352770083CCDC /* Project object */ = {
			isa = PBXProject;
			attributes = {
				BuildIndependentTargetsInParallel = 1;
				LastSwiftUpdateCheck = 1530;
				LastUpgradeCheck = 1530;
				TargetAttributes = {
					440C17272BF352770083CCDC = {
						CreatedOnToolsVersion = 15.3;
					};
				};
			};
			buildConfigurationList = 440C17232BF352770083CCDC /* Build configuration list for PBXProject "Netflix Project" */;
			compatibilityVersion = "Xcode 14.0";
			developmentRegion = en;
			hasScannedForEncodings = 0;
			knownRegions = (
				en,
				Base,
			);
			mainGroup = 440C171F2BF352770083CCDC;
			productRefGroup = 440C17292BF352770083CCDC /* Products */;
			projectDirPath = "";
			projectRoot = "";
			targets = (
				440C17272BF352770083CCDC /* Netflix Project */,
			);
		};
/* End PBXProject section */

/* Begin PBXResourcesBuildPhase section */
		440C17262BF352770083CCDC /* Resources */ = {
			isa = PBXResourcesBuildPhase;
			buildActionMask = 2147483647;
			files = (
				440C17352BF352780083CCDC /* Assets.xcassets in Resources */,
				440C17382BF352780083CCDC /* Base in Resources */,
				440C17332BF352770083CCDC /* Base in Resources */,
			);
			runOnlyForDeploymentPostprocessing = 0;
		};
/* End PBXResourcesBuildPhase section */

/* Begin PBXSourcesBuildPhase section */
		440C17242BF352770083CCDC /* Sources */ = {
			isa = PBXSourcesBuildPhase;
			buildActionMask = 2147483647;
			files = (
				444C5F1D2BF60A60008931AB /* SignUpViewController.swift in Sources */,
				444C5F222BF617FD008931AB /* NewHotViewController.swift in Sources */,
				440C172C2BF352770083CCDC /* AppDelegate.swift in Sources */,
				440C172E2BF352770083CCDC /* SceneDelegate.swift in Sources */,
				444C5F202BF617EA008931AB /* HomeViewController.swift in Sources */,
				444C5F242BF61836008931AB /* SaveContentListViewController.swift in Sources */,
			);
			runOnlyForDeploymentPostprocessing = 0;
		};
/* End PBXSourcesBuildPhase section */

/* Begin PBXVariantGroup section */
		440C17312BF352770083CCDC /* Main.storyboard */ = {
			isa = PBXVariantGroup;
			children = (
				440C17322BF352770083CCDC /* Base */,
			);
			name = Main.storyboard;
			sourceTree = "<group>";
		};
		440C17362BF352780083CCDC /* LaunchScreen.storyboard */ = {
			isa = PBXVariantGroup;
			children = (
				440C17372BF352780083CCDC /* Base */,
			);
			name = LaunchScreen.storyboard;
			sourceTree = "<group>";
		};
/* End PBXVariantGroup section */

/* Begin XCBuildConfiguration section */
		440C173A2BF352780083CCDC /* Debug */ = {
			isa = XCBuildConfiguration;
			buildSettings = {
				ALWAYS_SEARCH_USER_PATHS = NO;
				ASSETCATALOG_COMPILER_GENERATE_SWIFT_ASSET_SYMBOL_EXTENSIONS = YES;
				CLANG_ANALYZER_NONNULL = YES;
				CLANG_ANALYZER_NUMBER_OBJECT_CONVERSION = YES_AGGRESSIVE;
				CLANG_CXX_LANGUAGE_STANDARD = "gnu++20";
				CLANG_ENABLE_MODULES = YES;
				CLANG_ENABLE_OBJC_ARC = YES;
				CLANG_ENABLE_OBJC_WEAK = YES;
				CLANG_WARN_BLOCK_CAPTURE_AUTORELEASING = YES;
				CLANG_WARN_BOOL_CONVERSION = YES;
				CLANG_WARN_COMMA = YES;
				CLANG_WARN_CONSTANT_CONVERSION = YES;
				CLANG_WARN_DEPRECATED_OBJC_IMPLEMENTATIONS = YES;
				CLANG_WARN_DIRECT_OBJC_ISA_USAGE = YES_ERROR;
				CLANG_WARN_DOCUMENTATION_COMMENTS = YES;
				CLANG_WARN_EMPTY_BODY = YES;
				CLANG_WARN_ENUM_CONVERSION = YES;
				CLANG_WARN_INFINITE_RECURSION = YES;
				CLANG_WARN_INT_CONVERSION = YES;
				CLANG_WARN_NON_LITERAL_NULL_CONVERSION = YES;
				CLANG_WARN_OBJC_IMPLICIT_RETAIN_SELF = YES;
				CLANG_WARN_OBJC_LITERAL_CONVERSION = YES;
				CLANG_WARN_OBJC_ROOT_CLASS = YES_ERROR;
				CLANG_WARN_QUOTED_INCLUDE_IN_FRAMEWORK_HEADER = YES;
				CLANG_WARN_RANGE_LOOP_ANALYSIS = YES;
				CLANG_WARN_STRICT_PROTOTYPES = YES;
				CLANG_WARN_SUSPICIOUS_MOVE = YES;
				CLANG_WARN_UNGUARDED_AVAILABILITY = YES_AGGRESSIVE;
				CLANG_WARN_UNREACHABLE_CODE = YES;
				CLANG_WARN__DUPLICATE_METHOD_MATCH = YES;
				COPY_PHASE_STRIP = NO;
				DEBUG_INFORMATION_FORMAT = dwarf;
				ENABLE_STRICT_OBJC_MSGSEND = YES;
				ENABLE_TESTABILITY = YES;
				ENABLE_USER_SCRIPT_SANDBOXING = YES;
				GCC_C_LANGUAGE_STANDARD = gnu17;
				GCC_DYNAMIC_NO_PIC = NO;
				GCC_NO_COMMON_BLOCKS = YES;
				GCC_OPTIMIZATION_LEVEL = 0;
				GCC_PREPROCESSOR_DEFINITIONS = (
					"DEBUG=1",
					"$(inherited)",
				);
				GCC_WARN_64_TO_32_BIT_CONVERSION = YES;
				GCC_WARN_ABOUT_RETURN_TYPE = YES_ERROR;
				GCC_WARN_UNDECLARED_SELECTOR = YES;
				GCC_WARN_UNINITIALIZED_AUTOS = YES_AGGRESSIVE;
				GCC_WARN_UNUSED_FUNCTION = YES;
				GCC_WARN_UNUSED_VARIABLE = YES;
				IPHONEOS_DEPLOYMENT_TARGET = 17.4;
				LOCALIZATION_PREFERS_STRING_CATALOGS = YES;
				MTL_ENABLE_DEBUG_INFO = INCLUDE_SOURCE;
				MTL_FAST_MATH = YES;
				ONLY_ACTIVE_ARCH = YES;
				SDKROOT = iphoneos;
				SWIFT_ACTIVE_COMPILATION_CONDITIONS = "DEBUG $(inherited)";
				SWIFT_OPTIMIZATION_LEVEL = "-Onone";
			};
			name = Debug;
		};
		440C173B2BF352780083CCDC /* Release */ = {
			isa = XCBuildConfiguration;
			buildSettings = {
				ALWAYS_SEARCH_USER_PATHS = NO;
				ASSETCATALOG_COMPILER_GENERATE_SWIFT_ASSET_SYMBOL_EXTENSIONS = YES;
				CLANG_ANALYZER_NONNULL = YES;
				CLANG_ANALYZER_NUMBER_OBJECT_CONVERSION = YES_AGGRESSIVE;
				CLANG_CXX_LANGUAGE_STANDARD = "gnu++20";
				CLANG_ENABLE_MODULES = YES;
				CLANG_ENABLE_OBJC_ARC = YES;
				CLANG_ENABLE_OBJC_WEAK = YES;
				CLANG_WARN_BLOCK_CAPTURE_AUTORELEASING = YES;
				CLANG_WARN_BOOL_CONVERSION = YES;
				CLANG_WARN_COMMA = YES;
				CLANG_WARN_CONSTANT_CONVERSION = YES;
				CLANG_WARN_DEPRECATED_OBJC_IMPLEMENTATIONS = YES;
				CLANG_WARN_DIRECT_OBJC_ISA_USAGE = YES_ERROR;
				CLANG_WARN_DOCUMENTATION_COMMENTS = YES;
				CLANG_WARN_EMPTY_BODY = YES;
				CLANG_WARN_ENUM_CONVERSION = YES;
				CLANG_WARN_INFINITE_RECURSION = YES;
				CLANG_WARN_INT_CONVERSION = YES;
				CLANG_WARN_NON_LITERAL_NULL_CONVERSION = YES;
				CLANG_WARN_OBJC_IMPLICIT_RETAIN_SELF = YES;
				CLANG_WARN_OBJC_LITERAL_CONVERSION = YES;
				CLANG_WARN_OBJC_ROOT_CLASS = YES_ERROR;
				CLANG_WARN_QUOTED_INCLUDE_IN_FRAMEWORK_HEADER = YES;
				CLANG_WARN_RANGE_LOOP_ANALYSIS = YES;
				CLANG_WARN_STRICT_PROTOTYPES = YES;
				CLANG_WARN_SUSPICIOUS_MOVE = YES;
				CLANG_WARN_UNGUARDED_AVAILABILITY = YES_AGGRESSIVE;
				CLANG_WARN_UNREACHABLE_CODE = YES;
				CLANG_WARN__DUPLICATE_METHOD_MATCH = YES;
				COPY_PHASE_STRIP = NO;
				DEBUG_INFORMATION_FORMAT = "dwarf-with-dsym";
				ENABLE_NS_ASSERTIONS = NO;
				ENABLE_STRICT_OBJC_MSGSEND = YES;
				ENABLE_USER_SCRIPT_SANDBOXING = YES;
				GCC_C_LANGUAGE_STANDARD = gnu17;
				GCC_NO_COMMON_BLOCKS = YES;
				GCC_WARN_64_TO_32_BIT_CONVERSION = YES;
				GCC_WARN_ABOUT_RETURN_TYPE = YES_ERROR;
				GCC_WARN_UNDECLARED_SELECTOR = YES;
				GCC_WARN_UNINITIALIZED_AUTOS = YES_AGGRESSIVE;
				GCC_WARN_UNUSED_FUNCTION = YES;
				GCC_WARN_UNUSED_VARIABLE = YES;
				IPHONEOS_DEPLOYMENT_TARGET = 17.4;
				LOCALIZATION_PREFERS_STRING_CATALOGS = YES;
				MTL_ENABLE_DEBUG_INFO = NO;
				MTL_FAST_MATH = YES;
				SDKROOT = iphoneos;
				SWIFT_COMPILATION_MODE = wholemodule;
				VALIDATE_PRODUCT = YES;
			};
			name = Release;
		};
		440C173D2BF352780083CCDC /* Debug */ = {
			isa = XCBuildConfiguration;
			buildSettings = {
				ASSETCATALOG_COMPILER_APPICON_NAME = AppIcon;
				ASSETCATALOG_COMPILER_GLOBAL_ACCENT_COLOR_NAME = AccentColor;
				CODE_SIGN_STYLE = Automatic;
				CURRENT_PROJECT_VERSION = 1;
				DEVELOPMENT_TEAM = 9M37U587ZT;
				GENERATE_INFOPLIST_FILE = YES;
				INFOPLIST_FILE = "Netflix Project/Info.plist";
				INFOPLIST_KEY_UIApplicationSupportsIndirectInputEvents = YES;
				INFOPLIST_KEY_UILaunchStoryboardName = LaunchScreen;
				INFOPLIST_KEY_UIMainStoryboardFile = Main;
				INFOPLIST_KEY_UISupportedInterfaceOrientations = UIInterfaceOrientationPortrait;
				INFOPLIST_KEY_UISupportedInterfaceOrientations_iPad = "UIInterfaceOrientationLandscapeLeft UIInterfaceOrientationLandscapeRight UIInterfaceOrientationPortrait UIInterfaceOrientationPortraitUpsideDown";
				IPHONEOS_DEPLOYMENT_TARGET = 16.0;
				LD_RUNPATH_SEARCH_PATHS = (
					"$(inherited)",
					"@executable_path/Frameworks",
				);
				MARKETING_VERSION = 1.0;
				PRODUCT_BUNDLE_IDENTIFIER = "com.daeyunkwon.Netflix-Project";
				PRODUCT_NAME = "$(TARGET_NAME)";
				SUPPORTED_PLATFORMS = "iphoneos iphonesimulator";
				SUPPORTS_MACCATALYST = NO;
				SUPPORTS_MAC_DESIGNED_FOR_IPHONE_IPAD = NO;
				SUPPORTS_XR_DESIGNED_FOR_IPHONE_IPAD = NO;
				SWIFT_EMIT_LOC_STRINGS = YES;
				SWIFT_VERSION = 5.0;
				TARGETED_DEVICE_FAMILY = 1;
			};
			name = Debug;
		};
		440C173E2BF352780083CCDC /* Release */ = {
			isa = XCBuildConfiguration;
			buildSettings = {
				ASSETCATALOG_COMPILER_APPICON_NAME = AppIcon;
				ASSETCATALOG_COMPILER_GLOBAL_ACCENT_COLOR_NAME = AccentColor;
				CODE_SIGN_STYLE = Automatic;
				CURRENT_PROJECT_VERSION = 1;
				DEVELOPMENT_TEAM = 9M37U587ZT;
				GENERATE_INFOPLIST_FILE = YES;
				INFOPLIST_FILE = "Netflix Project/Info.plist";
				INFOPLIST_KEY_UIApplicationSupportsIndirectInputEvents = YES;
				INFOPLIST_KEY_UILaunchStoryboardName = LaunchScreen;
				INFOPLIST_KEY_UIMainStoryboardFile = Main;
				INFOPLIST_KEY_UISupportedInterfaceOrientations = UIInterfaceOrientationPortrait;
				INFOPLIST_KEY_UISupportedInterfaceOrientations_iPad = "UIInterfaceOrientationLandscapeLeft UIInterfaceOrientationLandscapeRight UIInterfaceOrientationPortrait UIInterfaceOrientationPortraitUpsideDown";
				IPHONEOS_DEPLOYMENT_TARGET = 16.0;
				LD_RUNPATH_SEARCH_PATHS = (
					"$(inherited)",
					"@executable_path/Frameworks",
				);
				MARKETING_VERSION = 1.0;
				PRODUCT_BUNDLE_IDENTIFIER = "com.daeyunkwon.Netflix-Project";
				PRODUCT_NAME = "$(TARGET_NAME)";
				SUPPORTED_PLATFORMS = "iphoneos iphonesimulator";
				SUPPORTS_MACCATALYST = NO;
				SUPPORTS_MAC_DESIGNED_FOR_IPHONE_IPAD = NO;
				SUPPORTS_XR_DESIGNED_FOR_IPHONE_IPAD = NO;
				SWIFT_EMIT_LOC_STRINGS = YES;
				SWIFT_VERSION = 5.0;
				TARGETED_DEVICE_FAMILY = 1;
			};
			name = Release;
		};
/* End XCBuildConfiguration section */

/* Begin XCConfigurationList section */
		440C17232BF352770083CCDC /* Build configuration list for PBXProject "Netflix Project" */ = {
			isa = XCConfigurationList;
			buildConfigurations = (
				440C173A2BF352780083CCDC /* Debug */,
				440C173B2BF352780083CCDC /* Release */,
			);
			defaultConfigurationIsVisible = 0;
			defaultConfigurationName = Release;
		};
		440C173C2BF352780083CCDC /* Build configuration list for PBXNativeTarget "Netflix Project" */ = {
			isa = XCConfigurationList;
			buildConfigurations = (
				440C173D2BF352780083CCDC /* Debug */,
				440C173E2BF352780083CCDC /* Release */,
			);
			defaultConfigurationIsVisible = 0;
			defaultConfigurationName = Release;
		};
/* End XCConfigurationList section */
	};
	rootObject = 440C17202BF352770083CCDC /* Project object */;
}
